
Microsoft Visual Studio Solution File, Format Version 12.00
# Visual Studio Version 16
VisualStudioVersion = 16.0.30717.126
MinimumVisualStudioVersion = 10.0.40219.1
Project("{9A19103F-16F7-4668-BE54-9A1E7A4F7556}") = "WeatherApi", "SpecFlowProject3\WeatherApi.csproj", "{C7E7551F-6DA9-4D3B-856B-F3F87FBDD3DC}"
EndProject
Global
	GlobalSection(SolutionConfigurationPlatforms) = preSolution
		Debug|Any CPU = Debug|Any CPU
		Release|Any CPU = Release|Any CPU
	EndGlobalSection
	GlobalSection(ProjectConfigurationPlatforms) = postSolution
		{C7E7551F-6DA9-4D3B-856B-F3F87FBDD3DC}.Debug|Any CPU.ActiveCfg = Debug|Any CPU
		{C7E7551F-6DA9-4D3B-856B-F3F87FBDD3DC}.Debug|Any CPU.Build.0 = Debug|Any CPU
		{C7E7551F-6DA9-4D3B-856B-F3F87FBDD3DC}.Release|Any CPU.ActiveCfg = Release|Any CPU
		{C7E7551F-6DA9-4D3B-856B-F3F87FBDD3DC}.Release|Any CPU.Build.0 = Release|Any CPU
	EndGlobalSection
	GlobalSection(SolutionProperties) = preSolution
		HideSolutionNode = FALSE
	EndGlobalSection
	GlobalSection(ExtensibilityGlobals) = postSolution
		SolutionGuid = {FD7AF9BE-6FD5-4927-BA69-31DCD430A9DC}
	EndGlobalSection
EndGlobal
